// !$*UTF8*$!
{
	archiveVersion = 1;
	classes = {
	};
	objectVersion = 56;
	objects = {

/* Begin PBXBuildFile section */
		C91F4EA92C902E1A0034160B /* UIView + Extension.swift in Sources */ = {isa = PBXBuildFile; fileRef = C91F4EA82C902E1A0034160B /* UIView + Extension.swift */; };
		C91F4EAE2C90D6760034160B /* CharacterTableViewCell.swift in Sources */ = {isa = PBXBuildFile; fileRef = C91F4EAD2C90D6760034160B /* CharacterTableViewCell.swift */; };
		C91F4EB02C90E6370034160B /* Constants.swift in Sources */ = {isa = PBXBuildFile; fileRef = C91F4EAF2C90E6370034160B /* Constants.swift */; };
		C91F4EB22C90E69D0034160B /* Network.swift in Sources */ = {isa = PBXBuildFile; fileRef = C91F4EB12C90E69D0034160B /* Network.swift */; };
		C91F4EB52C90E7690034160B /* Model.swift in Sources */ = {isa = PBXBuildFile; fileRef = C91F4EB42C90E7690034160B /* Model.swift */; };
		C91F4EB82C90EDD80034160B /* ViewModel.swift in Sources */ = {isa = PBXBuildFile; fileRef = C91F4EB72C90EDD80034160B /* ViewModel.swift */; };
		C91F4EBC2C93F8230034160B /* SwiftUIView.swift in Sources */ = {isa = PBXBuildFile; fileRef = C91F4EBB2C93F8230034160B /* SwiftUIView.swift */; };
		C91F4EBE2C94BC520034160B /* ErrorManager.swift in Sources */ = {isa = PBXBuildFile; fileRef = C91F4EBD2C94BC520034160B /* ErrorManager.swift */; };
		C992711A2C90267E00D72D14 /* AppDelegate.swift in Sources */ = {isa = PBXBuildFile; fileRef = C99271192C90267E00D72D14 /* AppDelegate.swift */; };
		C992711C2C90267E00D72D14 /* SceneDelegate.swift in Sources */ = {isa = PBXBuildFile; fileRef = C992711B2C90267E00D72D14 /* SceneDelegate.swift */; };
		C992711E2C90267E00D72D14 /* ViewController.swift in Sources */ = {isa = PBXBuildFile; fileRef = C992711D2C90267E00D72D14 /* ViewController.swift */; };
		C99271212C90267E00D72D14 /* Main.storyboard in Resources */ = {isa = PBXBuildFile; fileRef = C992711F2C90267E00D72D14 /* Main.storyboard */; };
		C99271232C90268000D72D14 /* Assets.xcassets in Resources */ = {isa = PBXBuildFile; fileRef = C99271222C90268000D72D14 /* Assets.xcassets */; };
		C99271262C90268000D72D14 /* LaunchScreen.storyboard in Resources */ = {isa = PBXBuildFile; fileRef = C99271242C90268000D72D14 /* LaunchScreen.storyboard */; };
		C99271312C90268000D72D14 /* YassirChallengeTests.swift in Sources */ = {isa = PBXBuildFile; fileRef = C99271302C90268000D72D14 /* YassirChallengeTests.swift */; };
		C992713B2C90268000D72D14 /* YassirChallengeUITests.swift in Sources */ = {isa = PBXBuildFile; fileRef = C992713A2C90268000D72D14 /* YassirChallengeUITests.swift */; };
		C992713D2C90268000D72D14 /* YassirChallengeUITestsLaunchTests.swift in Sources */ = {isa = PBXBuildFile; fileRef = C992713C2C90268000D72D14 /* YassirChallengeUITestsLaunchTests.swift */; };
		C99271562C90284A00D72D14 /* Roboto-Thin.ttf in Resources */ = {isa = PBXBuildFile; fileRef = C992714A2C90284A00D72D14 /* Roboto-Thin.ttf */; };
		C99271572C90284A00D72D14 /* Roboto-ThinItalic.ttf in Resources */ = {isa = PBXBuildFile; fileRef = C992714B2C90284A00D72D14 /* Roboto-ThinItalic.ttf */; };
		C99271582C90284A00D72D14 /* Roboto-Black.ttf in Resources */ = {isa = PBXBuildFile; fileRef = C992714C2C90284A00D72D14 /* Roboto-Black.ttf */; };
		C99271592C90284A00D72D14 /* Roboto-BlackItalic.ttf in Resources */ = {isa = PBXBuildFile; fileRef = C992714D2C90284A00D72D14 /* Roboto-BlackItalic.ttf */; };
		C992715A2C90284A00D72D14 /* Roboto-Italic.ttf in Resources */ = {isa = PBXBuildFile; fileRef = C992714E2C90284A00D72D14 /* Roboto-Italic.ttf */; };
		C992715B2C90284A00D72D14 /* Roboto-LightItalic.ttf in Resources */ = {isa = PBXBuildFile; fileRef = C992714F2C90284A00D72D14 /* Roboto-LightItalic.ttf */; };
		C992715C2C90284A00D72D14 /* Roboto-BoldItalic.ttf in Resources */ = {isa = PBXBuildFile; fileRef = C99271502C90284A00D72D14 /* Roboto-BoldItalic.ttf */; };
		C992715D2C90284A00D72D14 /* Roboto-MediumItalic.ttf in Resources */ = {isa = PBXBuildFile; fileRef = C99271512C90284A00D72D14 /* Roboto-MediumItalic.ttf */; };
		C992715E2C90284A00D72D14 /* Roboto-Medium.ttf in Resources */ = {isa = PBXBuildFile; fileRef = C99271522C90284A00D72D14 /* Roboto-Medium.ttf */; };
		C992715F2C90284A00D72D14 /* Roboto-Light.ttf in Resources */ = {isa = PBXBuildFile; fileRef = C99271532C90284A00D72D14 /* Roboto-Light.ttf */; };
		C99271602C90284A00D72D14 /* Roboto-Regular.ttf in Resources */ = {isa = PBXBuildFile; fileRef = C99271542C90284A00D72D14 /* Roboto-Regular.ttf */; };
		C99271612C90284A00D72D14 /* Roboto-Bold.ttf in Resources */ = {isa = PBXBuildFile; fileRef = C99271552C90284A00D72D14 /* Roboto-Bold.ttf */; };
/* End PBXBuildFile section */

/* Begin PBXContainerItemProxy section */
		C992712D2C90268000D72D14 /* PBXContainerItemProxy */ = {
			isa = PBXContainerItemProxy;
			containerPortal = C992710E2C90267D00D72D14 /* Project object */;
			proxyType = 1;
			remoteGlobalIDString = C99271152C90267E00D72D14;
			remoteInfo = YassirChallenge;
		};
		C99271372C90268000D72D14 /* PBXContainerItemProxy */ = {
			isa = PBXContainerItemProxy;
			containerPortal = C992710E2C90267D00D72D14 /* Project object */;
			proxyType = 1;
			remoteGlobalIDString = C99271152C90267E00D72D14;
			remoteInfo = YassirChallenge;
		};
/* End PBXContainerItemProxy section */

/* Begin PBXFileReference section */
		C91F4EA82C902E1A0034160B /* UIView + Extension.swift */ = {isa = PBXFileReference; lastKnownFileType = sourcecode.swift; path = "UIView + Extension.swift"; sourceTree = "<group>"; };
		C91F4EAD2C90D6760034160B /* CharacterTableViewCell.swift */ = {isa = PBXFileReference; lastKnownFileType = sourcecode.swift; path = CharacterTableViewCell.swift; sourceTree = "<group>"; };
		C91F4EAF2C90E6370034160B /* Constants.swift */ = {isa = PBXFileReference; lastKnownFileType = sourcecode.swift; path = Constants.swift; sourceTree = "<group>"; };
		C91F4EB12C90E69D0034160B /* Network.swift */ = {isa = PBXFileReference; lastKnownFileType = sourcecode.swift; path = Network.swift; sourceTree = "<group>"; };
		C91F4EB42C90E7690034160B /* Model.swift */ = {isa = PBXFileReference; lastKnownFileType = sourcecode.swift; path = Model.swift; sourceTree = "<group>"; };
		C91F4EB72C90EDD80034160B /* ViewModel.swift */ = {isa = PBXFileReference; lastKnownFileType = sourcecode.swift; path = ViewModel.swift; sourceTree = "<group>"; };
		C91F4EBB2C93F8230034160B /* SwiftUIView.swift */ = {isa = PBXFileReference; lastKnownFileType = sourcecode.swift; path = SwiftUIView.swift; sourceTree = "<group>"; };
		C91F4EBD2C94BC520034160B /* ErrorManager.swift */ = {isa = PBXFileReference; lastKnownFileType = sourcecode.swift; path = ErrorManager.swift; sourceTree = "<group>"; };
		C99271162C90267E00D72D14 /* YassirChallenge.app */ = {isa = PBXFileReference; explicitFileType = wrapper.application; includeInIndex = 0; path = YassirChallenge.app; sourceTree = BUILT_PRODUCTS_DIR; };
		C99271192C90267E00D72D14 /* AppDelegate.swift */ = {isa = PBXFileReference; lastKnownFileType = sourcecode.swift; path = AppDelegate.swift; sourceTree = "<group>"; };
		C992711B2C90267E00D72D14 /* SceneDelegate.swift */ = {isa = PBXFileReference; lastKnownFileType = sourcecode.swift; path = SceneDelegate.swift; sourceTree = "<group>"; };
		C992711D2C90267E00D72D14 /* ViewController.swift */ = {isa = PBXFileReference; lastKnownFileType = sourcecode.swift; path = ViewController.swift; sourceTree = "<group>"; };
		C99271202C90267E00D72D14 /* Base */ = {isa = PBXFileReference; lastKnownFileType = file.storyboard; name = Base; path = Base.lproj/Main.storyboard; sourceTree = "<group>"; };
		C99271222C90268000D72D14 /* Assets.xcassets */ = {isa = PBXFileReference; lastKnownFileType = folder.assetcatalog; path = Assets.xcassets; sourceTree = "<group>"; };
		C99271252C90268000D72D14 /* Base */ = {isa = PBXFileReference; lastKnownFileType = file.storyboard; name = Base; path = Base.lproj/LaunchScreen.storyboard; sourceTree = "<group>"; };
		C99271272C90268000D72D14 /* Info.plist */ = {isa = PBXFileReference; lastKnownFileType = text.plist.xml; path = Info.plist; sourceTree = "<group>"; };
		C992712C2C90268000D72D14 /* YassirChallengeTests.xctest */ = {isa = PBXFileReference; explicitFileType = wrapper.cfbundle; includeInIndex = 0; path = YassirChallengeTests.xctest; sourceTree = BUILT_PRODUCTS_DIR; };
		C99271302C90268000D72D14 /* YassirChallengeTests.swift */ = {isa = PBXFileReference; lastKnownFileType = sourcecode.swift; path = YassirChallengeTests.swift; sourceTree = "<group>"; };
		C99271362C90268000D72D14 /* YassirChallengeUITests.xctest */ = {isa = PBXFileReference; explicitFileType = wrapper.cfbundle; includeInIndex = 0; path = YassirChallengeUITests.xctest; sourceTree = BUILT_PRODUCTS_DIR; };
		C992713A2C90268000D72D14 /* YassirChallengeUITests.swift */ = {isa = PBXFileReference; lastKnownFileType = sourcecode.swift; path = YassirChallengeUITests.swift; sourceTree = "<group>"; };
		C992713C2C90268000D72D14 /* YassirChallengeUITestsLaunchTests.swift */ = {isa = PBXFileReference; lastKnownFileType = sourcecode.swift; path = YassirChallengeUITestsLaunchTests.swift; sourceTree = "<group>"; };
		C992714A2C90284A00D72D14 /* Roboto-Thin.ttf */ = {isa = PBXFileReference; lastKnownFileType = file; path = "Roboto-Thin.ttf"; sourceTree = "<group>"; };
		C992714B2C90284A00D72D14 /* Roboto-ThinItalic.ttf */ = {isa = PBXFileReference; lastKnownFileType = file; path = "Roboto-ThinItalic.ttf"; sourceTree = "<group>"; };
		C992714C2C90284A00D72D14 /* Roboto-Black.ttf */ = {isa = PBXFileReference; lastKnownFileType = file; path = "Roboto-Black.ttf"; sourceTree = "<group>"; };
		C992714D2C90284A00D72D14 /* Roboto-BlackItalic.ttf */ = {isa = PBXFileReference; lastKnownFileType = file; path = "Roboto-BlackItalic.ttf"; sourceTree = "<group>"; };
		C992714E2C90284A00D72D14 /* Roboto-Italic.ttf */ = {isa = PBXFileReference; lastKnownFileType = file; path = "Roboto-Italic.ttf"; sourceTree = "<group>"; };
		C992714F2C90284A00D72D14 /* Roboto-LightItalic.ttf */ = {isa = PBXFileReference; lastKnownFileType = file; path = "Roboto-LightItalic.ttf"; sourceTree = "<group>"; };
		C99271502C90284A00D72D14 /* Roboto-BoldItalic.ttf */ = {isa = PBXFileReference; lastKnownFileType = file; path = "Roboto-BoldItalic.ttf"; sourceTree = "<group>"; };
		C99271512C90284A00D72D14 /* Roboto-MediumItalic.ttf */ = {isa = PBXFileReference; lastKnownFileType = file; path = "Roboto-MediumItalic.ttf"; sourceTree = "<group>"; };
		C99271522C90284A00D72D14 /* Roboto-Medium.ttf */ = {isa = PBXFileReference; lastKnownFileType = file; path = "Roboto-Medium.ttf"; sourceTree = "<group>"; };
		C99271532C90284A00D72D14 /* Roboto-Light.ttf */ = {isa = PBXFileReference; lastKnownFileType = file; path = "Roboto-Light.ttf"; sourceTree = "<group>"; };
		C99271542C90284A00D72D14 /* Roboto-Regular.ttf */ = {isa = PBXFileReference; lastKnownFileType = file; path = "Roboto-Regular.ttf"; sourceTree = "<group>"; };
		C99271552C90284A00D72D14 /* Roboto-Bold.ttf */ = {isa = PBXFileReference; lastKnownFileType = file; path = "Roboto-Bold.ttf"; sourceTree = "<group>"; };
/* End PBXFileReference section */

/* Begin PBXFrameworksBuildPhase section */
		C99271132C90267E00D72D14 /* Frameworks */ = {
			isa = PBXFrameworksBuildPhase;
			buildActionMask = 2147483647;
			files = (
			);
			runOnlyForDeploymentPostprocessing = 0;
		};
		C99271292C90268000D72D14 /* Frameworks */ = {
			isa = PBXFrameworksBuildPhase;
			buildActionMask = 2147483647;
			files = (
			);
			runOnlyForDeploymentPostprocessing = 0;
		};
		C99271332C90268000D72D14 /* Frameworks */ = {
			isa = PBXFrameworksBuildPhase;
			buildActionMask = 2147483647;
			files = (
			);
			runOnlyForDeploymentPostprocessing = 0;
		};
/* End PBXFrameworksBuildPhase section */

/* Begin PBXGroup section */
		C91F4EA42C902DB50034160B /* UIKit */ = {
			isa = PBXGroup;
			children = (
				C91F4EAC2C90D54A0034160B /* Cells */,
				C91F4EAB2C90D53D0034160B /* Controllers */,
			);
			path = UIKit;
			sourceTree = "<group>";
		};
		C91F4EA52C902DC90034160B /* Views */ = {
			isa = PBXGroup;
			children = (
				C91F4EBA2C93F7D70034160B /* SwiftUI */,
				C91F4EA42C902DB50034160B /* UIKit */,
			);
			path = Views;
			sourceTree = "<group>";
		};
		C91F4EA62C902DDB0034160B /* MVVM */ = {
			isa = PBXGroup;
			children = (
				C91F4EB62C90EDC90034160B /* View Model */,
				C91F4EB32C90E75F0034160B /* Model */,
				C91F4EA52C902DC90034160B /* Views */,
			);
			path = MVVM;
			sourceTree = "<group>";
		};
		C91F4EA72C902E030034160B /* Helpers */ = {
			isa = PBXGroup;
			children = (
				C91F4EAA2C902E1F0034160B /* Extensions */,
				C91F4EAF2C90E6370034160B /* Constants.swift */,
				C91F4EB12C90E69D0034160B /* Network.swift */,
				C91F4EBD2C94BC520034160B /* ErrorManager.swift */,
			);
			path = Helpers;
			sourceTree = "<group>";
		};
		C91F4EAA2C902E1F0034160B /* Extensions */ = {
			isa = PBXGroup;
			children = (
				C91F4EA82C902E1A0034160B /* UIView + Extension.swift */,
			);
			path = Extensions;
			sourceTree = "<group>";
		};
		C91F4EAB2C90D53D0034160B /* Controllers */ = {
			isa = PBXGroup;
			children = (
				C992711D2C90267E00D72D14 /* ViewController.swift */,
			);
			path = Controllers;
			sourceTree = "<group>";
		};
		C91F4EAC2C90D54A0034160B /* Cells */ = {
			isa = PBXGroup;
			children = (
				C91F4EAD2C90D6760034160B /* CharacterTableViewCell.swift */,
			);
			path = Cells;
			sourceTree = "<group>";
		};
		C91F4EB32C90E75F0034160B /* Model */ = {
			isa = PBXGroup;
			children = (
				C91F4EB42C90E7690034160B /* Model.swift */,
			);
			path = Model;
			sourceTree = "<group>";
		};
		C91F4EB62C90EDC90034160B /* View Model */ = {
			isa = PBXGroup;
			children = (
				C91F4EB72C90EDD80034160B /* ViewModel.swift */,
			);
			path = "View Model";
			sourceTree = "<group>";
		};
		C91F4EBA2C93F7D70034160B /* SwiftUI */ = {
			isa = PBXGroup;
			children = (
				C91F4EBB2C93F8230034160B /* SwiftUIView.swift */,
			);
			path = SwiftUI;
			sourceTree = "<group>";
		};
		C992710D2C90267D00D72D14 = {
			isa = PBXGroup;
			children = (
				C99271182C90267E00D72D14 /* YassirChallenge */,
				C992712F2C90268000D72D14 /* YassirChallengeTests */,
				C99271392C90268000D72D14 /* YassirChallengeUITests */,
				C99271172C90267E00D72D14 /* Products */,
			);
			sourceTree = "<group>";
		};
		C99271172C90267E00D72D14 /* Products */ = {
			isa = PBXGroup;
			children = (
				C99271162C90267E00D72D14 /* YassirChallenge.app */,
				C992712C2C90268000D72D14 /* YassirChallengeTests.xctest */,
				C99271362C90268000D72D14 /* YassirChallengeUITests.xctest */,
			);
			name = Products;
			sourceTree = "<group>";
		};
		C99271182C90267E00D72D14 /* YassirChallenge */ = {
			isa = PBXGroup;
			children = (
				C99271192C90267E00D72D14 /* AppDelegate.swift */,
				C992711B2C90267E00D72D14 /* SceneDelegate.swift */,
				C91F4EA72C902E030034160B /* Helpers */,
				C91F4EA62C902DDB0034160B /* MVVM */,
				C99271492C90282B00D72D14 /* Fonts */,
				C992711F2C90267E00D72D14 /* Main.storyboard */,
				C99271222C90268000D72D14 /* Assets.xcassets */,
				C99271242C90268000D72D14 /* LaunchScreen.storyboard */,
				C99271272C90268000D72D14 /* Info.plist */,
			);
			path = YassirChallenge;
			sourceTree = "<group>";
		};
		C992712F2C90268000D72D14 /* YassirChallengeTests */ = {
			isa = PBXGroup;
			children = (
				C99271302C90268000D72D14 /* YassirChallengeTests.swift */,
			);
			path = YassirChallengeTests;
			sourceTree = "<group>";
		};
		C99271392C90268000D72D14 /* YassirChallengeUITests */ = {
			isa = PBXGroup;
			children = (
				C992713A2C90268000D72D14 /* YassirChallengeUITests.swift */,
				C992713C2C90268000D72D14 /* YassirChallengeUITestsLaunchTests.swift */,
			);
			path = YassirChallengeUITests;
			sourceTree = "<group>";
		};
		C99271492C90282B00D72D14 /* Fonts */ = {
			isa = PBXGroup;
			children = (
				C992714C2C90284A00D72D14 /* Roboto-Black.ttf */,
				C992714D2C90284A00D72D14 /* Roboto-BlackItalic.ttf */,
				C99271552C90284A00D72D14 /* Roboto-Bold.ttf */,
				C99271502C90284A00D72D14 /* Roboto-BoldItalic.ttf */,
				C992714E2C90284A00D72D14 /* Roboto-Italic.ttf */,
				C99271532C90284A00D72D14 /* Roboto-Light.ttf */,
				C992714F2C90284A00D72D14 /* Roboto-LightItalic.ttf */,
				C99271522C90284A00D72D14 /* Roboto-Medium.ttf */,
				C99271512C90284A00D72D14 /* Roboto-MediumItalic.ttf */,
				C99271542C90284A00D72D14 /* Roboto-Regular.ttf */,
				C992714A2C90284A00D72D14 /* Roboto-Thin.ttf */,
				C992714B2C90284A00D72D14 /* Roboto-ThinItalic.ttf */,
			);
			path = Fonts;
			sourceTree = "<group>";
		};
/* End PBXGroup section */

/* Begin PBXNativeTarget section */
		C99271152C90267E00D72D14 /* YassirChallenge */ = {
			isa = PBXNativeTarget;
			buildConfigurationList = C99271402C90268000D72D14 /* Build configuration list for PBXNativeTarget "YassirChallenge" */;
			buildPhases = (
				C99271122C90267E00D72D14 /* Sources */,
				C99271132C90267E00D72D14 /* Frameworks */,
				C99271142C90267E00D72D14 /* Resources */,
			);
			buildRules = (
			);
			dependencies = (
			);
			name = YassirChallenge;
			productName = YassirChallenge;
			productReference = C99271162C90267E00D72D14 /* YassirChallenge.app */;
			productType = "com.apple.product-type.application";
		};
		C992712B2C90268000D72D14 /* YassirChallengeTests */ = {
			isa = PBXNativeTarget;
			buildConfigurationList = C99271432C90268000D72D14 /* Build configuration list for PBXNativeTarget "YassirChallengeTests" */;
			buildPhases = (
				C99271282C90268000D72D14 /* Sources */,
				C99271292C90268000D72D14 /* Frameworks */,
				C992712A2C90268000D72D14 /* Resources */,
			);
			buildRules = (
			);
			dependencies = (
				C992712E2C90268000D72D14 /* PBXTargetDependency */,
			);
			name = YassirChallengeTests;
			productName = YassirChallengeTests;
			productReference = C992712C2C90268000D72D14 /* YassirChallengeTests.xctest */;
			productType = "com.apple.product-type.bundle.unit-test";
		};
		C99271352C90268000D72D14 /* YassirChallengeUITests */ = {
			isa = PBXNativeTarget;
			buildConfigurationList = C99271462C90268000D72D14 /* Build configuration list for PBXNativeTarget "YassirChallengeUITests" */;
			buildPhases = (
				C99271322C90268000D72D14 /* Sources */,
				C99271332C90268000D72D14 /* Frameworks */,
				C99271342C90268000D72D14 /* Resources */,
			);
			buildRules = (
			);
			dependencies = (
				C99271382C90268000D72D14 /* PBXTargetDependency */,
			);
			name = YassirChallengeUITests;
			productName = YassirChallengeUITests;
			productReference = C99271362C90268000D72D14 /* YassirChallengeUITests.xctest */;
			productType = "com.apple.product-type.bundle.ui-testing";
		};
/* End PBXNativeTarget section */

/* Begin PBXProject section */
		C992710E2C90267D00D72D14 /* Project object */ = {
			isa = PBXProject;
			attributes = {
				BuildIndependentTargetsInParallel = 1;
				LastSwiftUpdateCheck = 1520;
				LastUpgradeCheck = 1520;
				TargetAttributes = {
					C99271152C90267E00D72D14 = {
						CreatedOnToolsVersion = 15.2;
					};
					C992712B2C90268000D72D14 = {
						CreatedOnToolsVersion = 15.2;
						TestTargetID = C99271152C90267E00D72D14;
					};
					C99271352C90268000D72D14 = {
						CreatedOnToolsVersion = 15.2;
						TestTargetID = C99271152C90267E00D72D14;
					};
				};
			};
			buildConfigurationList = C99271112C90267D00D72D14 /* Build configuration list for PBXProject "YassirChallenge" */;
			compatibilityVersion = "Xcode 14.0";
			developmentRegion = en;
			hasScannedForEncodings = 0;
			knownRegions = (
				en,
				Base,
			);
			mainGroup = C992710D2C90267D00D72D14;
			productRefGroup = C99271172C90267E00D72D14 /* Products */;
			projectDirPath = "";
			projectRoot = "";
			targets = (
				C99271152C90267E00D72D14 /* YassirChallenge */,
				C992712B2C90268000D72D14 /* YassirChallengeTests */,
				C99271352C90268000D72D14 /* YassirChallengeUITests */,
			);
		};
/* End PBXProject section */

/* Begin PBXResourcesBuildPhase section */
		C99271142C90267E00D72D14 /* Resources */ = {
			isa = PBXResourcesBuildPhase;
			buildActionMask = 2147483647;
			files = (
				C99271572C90284A00D72D14 /* Roboto-ThinItalic.ttf in Resources */,
				C99271562C90284A00D72D14 /* Roboto-Thin.ttf in Resources */,
				C99271612C90284A00D72D14 /* Roboto-Bold.ttf in Resources */,
				C99271262C90268000D72D14 /* LaunchScreen.storyboard in Resources */,
				C99271592C90284A00D72D14 /* Roboto-BlackItalic.ttf in Resources */,
				C99271232C90268000D72D14 /* Assets.xcassets in Resources */,
				C992715B2C90284A00D72D14 /* Roboto-LightItalic.ttf in Resources */,
				C992715A2C90284A00D72D14 /* Roboto-Italic.ttf in Resources */,
				C99271212C90267E00D72D14 /* Main.storyboard in Resources */,
				C99271602C90284A00D72D14 /* Roboto-Regular.ttf in Resources */,
				C992715E2C90284A00D72D14 /* Roboto-Medium.ttf in Resources */,
				C992715F2C90284A00D72D14 /* Roboto-Light.ttf in Resources */,
				C992715C2C90284A00D72D14 /* Roboto-BoldItalic.ttf in Resources */,
				C992715D2C90284A00D72D14 /* Roboto-MediumItalic.ttf in Resources */,
				C99271582C90284A00D72D14 /* Roboto-Black.ttf in Resources */,
			);
			runOnlyForDeploymentPostprocessing = 0;
		};
		C992712A2C90268000D72D14 /* Resources */ = {
			isa = PBXResourcesBuildPhase;
			buildActionMask = 2147483647;
			files = (
			);
			runOnlyForDeploymentPostprocessing = 0;
		};
		C99271342C90268000D72D14 /* Resources */ = {
			isa = PBXResourcesBuildPhase;
			buildActionMask = 2147483647;
			files = (
			);
			runOnlyForDeploymentPostprocessing = 0;
		};
/* End PBXResourcesBuildPhase section */

/* Begin PBXSourcesBuildPhase section */
		C99271122C90267E00D72D14 /* Sources */ = {
			isa = PBXSourcesBuildPhase;
			buildActionMask = 2147483647;
			files = (
				C91F4EA92C902E1A0034160B /* UIView + Extension.swift in Sources */,
				C91F4EB82C90EDD80034160B /* ViewModel.swift in Sources */,
				C992711E2C90267E00D72D14 /* ViewController.swift in Sources */,
				C91F4EAE2C90D6760034160B /* CharacterTableViewCell.swift in Sources */,
				C91F4EBE2C94BC520034160B /* ErrorManager.swift in Sources */,
				C91F4EBC2C93F8230034160B /* SwiftUIView.swift in Sources */,
				C992711A2C90267E00D72D14 /* AppDelegate.swift in Sources */,
				C992711C2C90267E00D72D14 /* SceneDelegate.swift in Sources */,
				C91F4EB22C90E69D0034160B /* Network.swift in Sources */,
				C91F4EB02C90E6370034160B /* Constants.swift in Sources */,
				C91F4EB52C90E7690034160B /* Model.swift in Sources */,
			);
			runOnlyForDeploymentPostprocessing = 0;
		};
		C99271282C90268000D72D14 /* Sources */ = {
			isa = PBXSourcesBuildPhase;
			buildActionMask = 2147483647;
			files = (
				C99271312C90268000D72D14 /* YassirChallengeTests.swift in Sources */,
			);
			runOnlyForDeploymentPostprocessing = 0;
		};
		C99271322C90268000D72D14 /* Sources */ = {
			isa = PBXSourcesBuildPhase;
			buildActionMask = 2147483647;
			files = (
				C992713B2C90268000D72D14 /* YassirChallengeUITests.swift in Sources */,
				C992713D2C90268000D72D14 /* YassirChallengeUITestsLaunchTests.swift in Sources */,
			);
			runOnlyForDeploymentPostprocessing = 0;
		};
/* End PBXSourcesBuildPhase section */

/* Begin PBXTargetDependency section */
		C992712E2C90268000D72D14 /* PBXTargetDependency */ = {
			isa = PBXTargetDependency;
			target = C99271152C90267E00D72D14 /* YassirChallenge */;
			targetProxy = C992712D2C90268000D72D14 /* PBXContainerItemProxy */;
		};
		C99271382C90268000D72D14 /* PBXTargetDependency */ = {
			isa = PBXTargetDependency;
			target = C99271152C90267E00D72D14 /* YassirChallenge */;
			targetProxy = C99271372C90268000D72D14 /* PBXContainerItemProxy */;
		};
/* End PBXTargetDependency section */

/* Begin PBXVariantGroup section */
		C992711F2C90267E00D72D14 /* Main.storyboard */ = {
			isa = PBXVariantGroup;
			children = (
				C99271202C90267E00D72D14 /* Base */,
			);
			name = Main.storyboard;
			sourceTree = "<group>";
		};
		C99271242C90268000D72D14 /* LaunchScreen.storyboard */ = {
			isa = PBXVariantGroup;
			children = (
				C99271252C90268000D72D14 /* Base */,
			);
			name = LaunchScreen.storyboard;
			sourceTree = "<group>";
		};
/* End PBXVariantGroup section */

/* Begin XCBuildConfiguration section */
		C992713E2C90268000D72D14 /* Debug */ = {
			isa = XCBuildConfiguration;
			buildSettings = {
				ALWAYS_SEARCH_USER_PATHS = NO;
				ASSETCATALOG_COMPILER_GENERATE_SWIFT_ASSET_SYMBOL_EXTENSIONS = YES;
				CLANG_ANALYZER_NONNULL = YES;
				CLANG_ANALYZER_NUMBER_OBJECT_CONVERSION = YES_AGGRESSIVE;
				CLANG_CXX_LANGUAGE_STANDARD = "gnu++20";
				CLANG_ENABLE_MODULES = YES;
				CLANG_ENABLE_OBJC_ARC = YES;
				CLANG_ENABLE_OBJC_WEAK = YES;
				CLANG_WARN_BLOCK_CAPTURE_AUTORELEASING = YES;
				CLANG_WARN_BOOL_CONVERSION = YES;
				CLANG_WARN_COMMA = YES;
				CLANG_WARN_CONSTANT_CONVERSION = YES;
				CLANG_WARN_DEPRECATED_OBJC_IMPLEMENTATIONS = YES;
				CLANG_WARN_DIRECT_OBJC_ISA_USAGE = YES_ERROR;
				CLANG_WARN_DOCUMENTATION_COMMENTS = YES;
				CLANG_WARN_EMPTY_BODY = YES;
				CLANG_WARN_ENUM_CONVERSION = YES;
				CLANG_WARN_INFINITE_RECURSION = YES;
				CLANG_WARN_INT_CONVERSION = YES;
				CLANG_WARN_NON_LITERAL_NULL_CONVERSION = YES;
				CLANG_WARN_OBJC_IMPLICIT_RETAIN_SELF = YES;
				CLANG_WARN_OBJC_LITERAL_CONVERSION = YES;
				CLANG_WARN_OBJC_ROOT_CLASS = YES_ERROR;
				CLANG_WARN_QUOTED_INCLUDE_IN_FRAMEWORK_HEADER = YES;
				CLANG_WARN_RANGE_LOOP_ANALYSIS = YES;
				CLANG_WARN_STRICT_PROTOTYPES = YES;
				CLANG_WARN_SUSPICIOUS_MOVE = YES;
				CLANG_WARN_UNGUARDED_AVAILABILITY = YES_AGGRESSIVE;
				CLANG_WARN_UNREACHABLE_CODE = YES;
				CLANG_WARN__DUPLICATE_METHOD_MATCH = YES;
				COPY_PHASE_STRIP = NO;
				DEBUG_INFORMATION_FORMAT = dwarf;
				ENABLE_STRICT_OBJC_MSGSEND = YES;
				ENABLE_TESTABILITY = YES;
				ENABLE_USER_SCRIPT_SANDBOXING = YES;
				GCC_C_LANGUAGE_STANDARD = gnu17;
				GCC_DYNAMIC_NO_PIC = NO;
				GCC_NO_COMMON_BLOCKS = YES;
				GCC_OPTIMIZATION_LEVEL = 0;
				GCC_PREPROCESSOR_DEFINITIONS = (
					"DEBUG=1",
					"$(inherited)",
				);
				GCC_WARN_64_TO_32_BIT_CONVERSION = YES;
				GCC_WARN_ABOUT_RETURN_TYPE = YES_ERROR;
				GCC_WARN_UNDECLARED_SELECTOR = YES;
				GCC_WARN_UNINITIALIZED_AUTOS = YES_AGGRESSIVE;
				GCC_WARN_UNUSED_FUNCTION = YES;
				GCC_WARN_UNUSED_VARIABLE = YES;
				IPHONEOS_DEPLOYMENT_TARGET = 17.2;
				LOCALIZATION_PREFERS_STRING_CATALOGS = YES;
				MTL_ENABLE_DEBUG_INFO = INCLUDE_SOURCE;
				MTL_FAST_MATH = YES;
				ONLY_ACTIVE_ARCH = YES;
				SDKROOT = iphoneos;
				SWIFT_ACTIVE_COMPILATION_CONDITIONS = "DEBUG $(inherited)";
				SWIFT_OPTIMIZATION_LEVEL = "-Onone";
			};
			name = Debug;
		};
		C992713F2C90268000D72D14 /* Release */ = {
			isa = XCBuildConfiguration;
			buildSettings = {
				ALWAYS_SEARCH_USER_PATHS = NO;
				ASSETCATALOG_COMPILER_GENERATE_SWIFT_ASSET_SYMBOL_EXTENSIONS = YES;
				CLANG_ANALYZER_NONNULL = YES;
				CLANG_ANALYZER_NUMBER_OBJECT_CONVERSION = YES_AGGRESSIVE;
				CLANG_CXX_LANGUAGE_STANDARD = "gnu++20";
				CLANG_ENABLE_MODULES = YES;
				CLANG_ENABLE_OBJC_ARC = YES;
				CLANG_ENABLE_OBJC_WEAK = YES;
				CLANG_WARN_BLOCK_CAPTURE_AUTORELEASING = YES;
				CLANG_WARN_BOOL_CONVERSION = YES;
				CLANG_WARN_COMMA = YES;
				CLANG_WARN_CONSTANT_CONVERSION = YES;
				CLANG_WARN_DEPRECATED_OBJC_IMPLEMENTATIONS = YES;
				CLANG_WARN_DIRECT_OBJC_ISA_USAGE = YES_ERROR;
				CLANG_WARN_DOCUMENTATION_COMMENTS = YES;
				CLANG_WARN_EMPTY_BODY = YES;
				CLANG_WARN_ENUM_CONVERSION = YES;
				CLANG_WARN_INFINITE_RECURSION = YES;
				CLANG_WARN_INT_CONVERSION = YES;
				CLANG_WARN_NON_LITERAL_NULL_CONVERSION = YES;
				CLANG_WARN_OBJC_IMPLICIT_RETAIN_SELF = YES;
				CLANG_WARN_OBJC_LITERAL_CONVERSION = YES;
				CLANG_WARN_OBJC_ROOT_CLASS = YES_ERROR;
				CLANG_WARN_QUOTED_INCLUDE_IN_FRAMEWORK_HEADER = YES;
				CLANG_WARN_RANGE_LOOP_ANALYSIS = YES;
				CLANG_WARN_STRICT_PROTOTYPES = YES;
				CLANG_WARN_SUSPICIOUS_MOVE = YES;
				CLANG_WARN_UNGUARDED_AVAILABILITY = YES_AGGRESSIVE;
				CLANG_WARN_UNREACHABLE_CODE = YES;
				CLANG_WARN__DUPLICATE_METHOD_MATCH = YES;
				COPY_PHASE_STRIP = NO;
				DEBUG_INFORMATION_FORMAT = "dwarf-with-dsym";
				ENABLE_NS_ASSERTIONS = NO;
				ENABLE_STRICT_OBJC_MSGSEND = YES;
				ENABLE_USER_SCRIPT_SANDBOXING = YES;
				GCC_C_LANGUAGE_STANDARD = gnu17;
				GCC_NO_COMMON_BLOCKS = YES;
				GCC_WARN_64_TO_32_BIT_CONVERSION = YES;
				GCC_WARN_ABOUT_RETURN_TYPE = YES_ERROR;
				GCC_WARN_UNDECLARED_SELECTOR = YES;
				GCC_WARN_UNINITIALIZED_AUTOS = YES_AGGRESSIVE;
				GCC_WARN_UNUSED_FUNCTION = YES;
				GCC_WARN_UNUSED_VARIABLE = YES;
				IPHONEOS_DEPLOYMENT_TARGET = 17.2;
				LOCALIZATION_PREFERS_STRING_CATALOGS = YES;
				MTL_ENABLE_DEBUG_INFO = NO;
				MTL_FAST_MATH = YES;
				SDKROOT = iphoneos;
				SWIFT_COMPILATION_MODE = wholemodule;
				VALIDATE_PRODUCT = YES;
			};
			name = Release;
		};
		C99271412C90268000D72D14 /* Debug */ = {
			isa = XCBuildConfiguration;
			buildSettings = {
				ASSETCATALOG_COMPILER_APPICON_NAME = AppIcon;
				ASSETCATALOG_COMPILER_GLOBAL_ACCENT_COLOR_NAME = AccentColor;
				CODE_SIGN_STYLE = Automatic;
				CURRENT_PROJECT_VERSION = 1;
				DEVELOPMENT_TEAM = U5Z74X96N3;
				GENERATE_INFOPLIST_FILE = YES;
				INFOPLIST_FILE = YassirChallenge/Info.plist;
				INFOPLIST_KEY_UIApplicationSupportsIndirectInputEvents = YES;
				INFOPLIST_KEY_UILaunchStoryboardName = LaunchScreen;
				INFOPLIST_KEY_UIMainStoryboardFile = Main;
				INFOPLIST_KEY_UISupportedInterfaceOrientations_iPad = "UIInterfaceOrientationPortrait UIInterfaceOrientationPortraitUpsideDown UIInterfaceOrientationLandscapeLeft UIInterfaceOrientationLandscapeRight";
				INFOPLIST_KEY_UISupportedInterfaceOrientations_iPhone = "UIInterfaceOrientationPortrait UIInterfaceOrientationLandscapeLeft UIInterfaceOrientationLandscapeRight";
				LD_RUNPATH_SEARCH_PATHS = (
					"$(inherited)",
					"@executable_path/Frameworks",
				);
				MARKETING_VERSION = 1.0;
				PRODUCT_BUNDLE_IDENTIFIER = com.example.YassirChallenge;
				PRODUCT_NAME = "$(TARGET_NAME)";
				SWIFT_EMIT_LOC_STRINGS = YES;
				SWIFT_VERSION = 5.0;
				TARGETED_DEVICE_FAMILY = "1,2";
			};
			name = Debug;
		};
		C99271422C90268000D72D14 /* Release */ = {
			isa = XCBuildConfiguration;
			buildSettings = {
				ASSETCATALOG_COMPILER_APPICON_NAME = AppIcon;
				ASSETCATALOG_COMPILER_GLOBAL_ACCENT_COLOR_NAME = AccentColor;
				CODE_SIGN_STYLE = Automatic;
				CURRENT_PROJECT_VERSION = 1;
				DEVELOPMENT_TEAM = U5Z74X96N3;
				GENERATE_INFOPLIST_FILE = YES;
				INFOPLIST_FILE = YassirChallenge/Info.plist;
				INFOPLIST_KEY_UIApplicationSupportsIndirectInputEvents = YES;
				INFOPLIST_KEY_UILaunchStoryboardName = LaunchScreen;
				INFOPLIST_KEY_UIMainStoryboardFile = Main;
				INFOPLIST_KEY_UISupportedInterfaceOrientations_iPad = "UIInterfaceOrientationPortrait UIInterfaceOrientationPortraitUpsideDown UIInterfaceOrientationLandscapeLeft UIInterfaceOrientationLandscapeRight";
				INFOPLIST_KEY_UISupportedInterfaceOrientations_iPhone = "UIInterfaceOrientationPortrait UIInterfaceOrientationLandscapeLeft UIInterfaceOrientationLandscapeRight";
				LD_RUNPATH_SEARCH_PATHS = (
					"$(inherited)",
					"@executable_path/Frameworks",
				);
				MARKETING_VERSION = 1.0;
				PRODUCT_BUNDLE_IDENTIFIER = com.example.YassirChallenge;
				PRODUCT_NAME = "$(TARGET_NAME)";
				SWIFT_EMIT_LOC_STRINGS = YES;
				SWIFT_VERSION = 5.0;
				TARGETED_DEVICE_FAMILY = "1,2";
			};
			name = Release;
		};
		C99271442C90268000D72D14 /* Debug */ = {
			isa = XCBuildConfiguration;
			buildSettings = {
				ALWAYS_EMBED_SWIFT_STANDARD_LIBRARIES = YES;
				BUNDLE_LOADER = "$(TEST_HOST)";
				CODE_SIGN_STYLE = Automatic;
				CURRENT_PROJECT_VERSION = 1;
				DEVELOPMENT_TEAM = U5Z74X96N3;
				GENERATE_INFOPLIST_FILE = YES;
				IPHONEOS_DEPLOYMENT_TARGET = 17.2;
				MARKETING_VERSION = 1.0;
				PRODUCT_BUNDLE_IDENTIFIER = com.example.YassirChallengeTests;
				PRODUCT_NAME = "$(TARGET_NAME)";
				SWIFT_EMIT_LOC_STRINGS = NO;
				SWIFT_VERSION = 5.0;
				TARGETED_DEVICE_FAMILY = "1,2";
				TEST_HOST = "$(BUILT_PRODUCTS_DIR)/YassirChallenge.app/$(BUNDLE_EXECUTABLE_FOLDER_PATH)/YassirChallenge";
			};
			name = Debug;
		};
		C99271452C90268000D72D14 /* Release */ = {
			isa = XCBuildConfiguration;
			buildSettings = {
				ALWAYS_EMBED_SWIFT_STANDARD_LIBRARIES = YES;
				BUNDLE_LOADER = "$(TEST_HOST)";
				CODE_SIGN_STYLE = Automatic;
				CURRENT_PROJECT_VERSION = 1;
				DEVELOPMENT_TEAM = U5Z74X96N3;
				GENERATE_INFOPLIST_FILE = YES;
				IPHONEOS_DEPLOYMENT_TARGET = 17.2;
				MARKETING_VERSION = 1.0;
				PRODUCT_BUNDLE_IDENTIFIER = com.example.YassirChallengeTests;
				PRODUCT_NAME = "$(TARGET_NAME)";
				SWIFT_EMIT_LOC_STRINGS = NO;
				SWIFT_VERSION = 5.0;
				TARGETED_DEVICE_FAMILY = "1,2";
				TEST_HOST = "$(BUILT_PRODUCTS_DIR)/YassirChallenge.app/$(BUNDLE_EXECUTABLE_FOLDER_PATH)/YassirChallenge";
			};
			name = Release;
		};
		C99271472C90268000D72D14 /* Debug */ = {
			isa = XCBuildConfiguration;
			buildSettings = {
				ALWAYS_EMBED_SWIFT_STANDARD_LIBRARIES = YES;
				CODE_SIGN_STYLE = Automatic;
				CURRENT_PROJECT_VERSION = 1;
				DEVELOPMENT_TEAM = U5Z74X96N3;
				GENERATE_INFOPLIST_FILE = YES;
				MARKETING_VERSION = 1.0;
				PRODUCT_BUNDLE_IDENTIFIER = com.example.YassirChallengeUITests;
				PRODUCT_NAME = "$(TARGET_NAME)";
				SWIFT_EMIT_LOC_STRINGS = NO;
				SWIFT_VERSION = 5.0;
				TARGETED_DEVICE_FAMILY = "1,2";
				TEST_TARGET_NAME = YassirChallenge;
			};
			name = Debug;
		};
		C99271482C90268000D72D14 /* Release */ = {
			isa = XCBuildConfiguration;
			buildSettings = {
				ALWAYS_EMBED_SWIFT_STANDARD_LIBRARIES = YES;
				CODE_SIGN_STYLE = Automatic;
				CURRENT_PROJECT_VERSION = 1;
				DEVELOPMENT_TEAM = U5Z74X96N3;
				GENERATE_INFOPLIST_FILE = YES;
				MARKETING_VERSION = 1.0;
				PRODUCT_BUNDLE_IDENTIFIER = com.example.YassirChallengeUITests;
				PRODUCT_NAME = "$(TARGET_NAME)";
				SWIFT_EMIT_LOC_STRINGS = NO;
				SWIFT_VERSION = 5.0;
				TARGETED_DEVICE_FAMILY = "1,2";
				TEST_TARGET_NAME = YassirChallenge;
			};
			name = Release;
		};
/* End XCBuildConfiguration section */

/* Begin XCConfigurationList section */
		C99271112C90267D00D72D14 /* Build configuration list for PBXProject "YassirChallenge" */ = {
			isa = XCConfigurationList;
			buildConfigurations = (
				C992713E2C90268000D72D14 /* Debug */,
				C992713F2C90268000D72D14 /* Release */,
			);
			defaultConfigurationIsVisible = 0;
			defaultConfigurationName = Release;
		};
		C99271402C90268000D72D14 /* Build configuration list for PBXNativeTarget "YassirChallenge" */ = {
			isa = XCConfigurationList;
			buildConfigurations = (
				C99271412C90268000D72D14 /* Debug */,
				C99271422C90268000D72D14 /* Release */,
			);
			defaultConfigurationIsVisible = 0;
			defaultConfigurationName = Release;
		};
		C99271432C90268000D72D14 /* Build configuration list for PBXNativeTarget "YassirChallengeTests" */ = {
			isa = XCConfigurationList;
			buildConfigurations = (
				C99271442C90268000D72D14 /* Debug */,
				C99271452C90268000D72D14 /* Release */,
			);
			defaultConfigurationIsVisible = 0;
			defaultConfigurationName = Release;
		};
		C99271462C90268000D72D14 /* Build configuration list for PBXNativeTarget "YassirChallengeUITests" */ = {
			isa = XCConfigurationList;
			buildConfigurations = (
				C99271472C90268000D72D14 /* Debug */,
				C99271482C90268000D72D14 /* Release */,
			);
			defaultConfigurationIsVisible = 0;
			defaultConfigurationName = Release;
		};
/* End XCConfigurationList section */
	};
	rootObject = C992710E2C90267D00D72D14 /* Project object */;
}
